version = 1
revision = 3
requires-python = ">=3.14"

[[package]]
name = "certifi"
version = "2026.5.20"
source = { registry = "https://pypi.org/simple" }
sdist = { url = "https://files.pythonhosted.org/packages/f3/ce/ee2ecad540810a79593028e88299baeae54d346cc7a0d94b6199988b89b1/certifi-2026.5.20.tar.gz", hash = "sha256:69dea482ab64caa7b9f6aba1c6bf48bb6a5448d1c0f1b17ab42ad8c763a5344d", size = 135422, upload-time = "2026-05-20T11:46:50.073Z" }
wheels = [
    { url = "https://files.pythonhosted.org/packages/59/8c/57e832b7af6d7c5abe66eb3fbe3a3a32f4d11ea23a1aa7131371035be991/certifi-2026.5.20-py3-none-any.whl", hash = "sha256:3c52e209ba0a4ad7aebe60436a4ab349c39e1e602e8c134221e546902ad25897", size = 134134, upload-time = "2026-05-20T11:46:48.578Z" },
]

[[package]]
name = "emailtoprint"
version = "0.1.0"
source = { virtual = "." }
dependencies = [
    { name = "imapclient" },
    { name = "python-dotenv" },
    { name = "sentry-sdk" },
]

[package.metadata]
requires-dist = [
    { name = "imapclient", specifier = ">=3.1.0" },
    { name = "python-dotenv", specifier = ">=1.2.2" },
    { name = "sentry-sdk", specifier = ">=2.62.0" },
]

[[package]]
name = "imapclient"
version = "3.1.0"
source = { registry = "https://pypi.org/simple" }
sdist = { url = "https://files.pythonhosted.org/packages/58/79/8138f8c91e791f49cf4c2269b1eaaaddb93013d162e92ddc249b84d38105/imapclient-3.1.0.tar.gz", hash = "sha256:b0413a516ffcc4b4d69f2c611c0e95da57968edf5a5c78ac82d1bf882305facc", size = 199675, upload-time = "2026-01-17T18:50:12.186Z" }
wheels = [
    { url = "https://files.pythonhosted.org/packages/8a/a8/a0f86ed51f792d9e6afcc062db2766033be7d1028d1fd5deaf38b075430a/imapclient-3.1.0-py2.py3-none-any.whl", hash = "sha256:34c192ffe82936e940a998ac89c474296942cd7c4f6c208f0fccfcd972946038", size = 182536, upload-time = "2026-01-17T18:49:09.105Z" },
]

[[package]]
name = "python-dotenv"
version = "1.2.2"
source = { registry = "https://pypi.org/simple" }
sdist = { url = "https://files.pythonhosted.org/packages/82/ed/0301aeeac3e5353ef3d94b6ec08bbcabd04a72018415dcb29e588514bba8/python_dotenv-1.2.2.tar.gz", hash = "sha256:2c371a91fbd7ba082c2c1dc1f8bf89ca22564a087c2c287cd9b662adde799cf3", size = 50135, upload-time = "2026-03-01T16:00:26.196Z" }
wheels = [
    { url = "https://files.pythonhosted.org/packages/0b/d7/1959b9648791274998a9c3526f6d0ec8fd2233e4d4acce81bbae76b44b2a/python_dotenv-1.2.2-py3-none-any.whl", hash = "sha256:1d8214789a24de455a8b8bd8ae6fe3c6b69a5e3d64aa8a8e5d68e694bbcb285a", size = 22101, upload-time = "2026-03-01T16:00:25.09Z" },
]

[[package]]
name = "sentry-sdk"
version = "2.62.0"
source = { registry = "https://pypi.org/simple" }
dependencies = [
    { name = "certifi" },
    { name = "urllib3" },
]
sdist = { url = "https://files.pythonhosted.org/packages/f6/5d/a343201726150e05f2036eeb6e493e2e2f8bf8a66f5aa70f2f4ac96f9ca3/sentry_sdk-2.62.0.tar.gz", hash = "sha256:3c870b9f50d9fd15b58c817dbde1c7cfaa9fe3f05df0a4c6edd5571cb82f5491", size = 463986, upload-time = "2026-06-08T13:23:49.223Z" }
wheels = [
    { url = "https://files.pythonhosted.org/packages/3d/07/05440381627877aae223fd68f330df9b9fc6641d08bf65328b55235617a2/sentry_sdk-2.62.0-py3-none-any.whl", hash = "sha256:27f61d13a86c3c1648dec666dd5a64f79772dd6a84b446f11866601ecab24f6f", size = 490586, upload-time = "2026-06-08T13:23:47.486Z" },
]

[[package]]
name = "urllib3"
version = "2.7.0"
source = { registry = "https://pypi.org/simple" }
sdist = { url = "https://files.pythonhosted.org/packages/53/0c/06f8b233b8fd13b9e5ee11424ef85419ba0d8ba0b3138bf360be2ff56953/urllib3-2.7.0.tar.gz", hash = "sha256:231e0ec3b63ceb14667c67be60f2f2c40a518cb38b03af60abc813da26505f4c", size = 433602, upload-time = "2026-05-07T16:13:18.596Z" }
wheels = [
    { url = "https://files.pythonhosted.org/packages/7f/3e/5db95bcf282c52709639744ca2a8b149baccf648e39c8cc87553df9eae0c/urllib3-2.7.0-py3-none-any.whl", hash = "sha256:9fb4c81ebbb1ce9531cce37674bbc6f1360472bc18ca9a553ede278ef7276897", size = 131087, upload-time = "2026-05-07T16:13:17.151Z" },
]
